
Microsoft Visual Studio Solution File, Format Version 12.00
# Visual Studio Version 16
VisualStudioVersion = 16.0.30517.126
MinimumVisualStudioVersion = 10.0.40219.1
Project("{2150E333-8FDC-42A3-9474-1A3956D46DE8}") = "Sample001", "Sample001", "{5BE72E15-879B-491D-8E1E-8B1FCE04ADE9}"
EndProject
Project("{FAE04EC0-301F-11D3-BF4B-00C04F79EFBC}") = "BeautifulWordSample001", "BeautifulWordSample001\BeautifulWordSample001.csproj", "{6BDC1AB2-05B6-4AC4-9925-D36EA965126E}"
EndProject
Project("{FAE04EC0-301F-11D3-BF4B-00C04F79EFBC}") = "BeautifulWordSample001Tests", "BeautifulWordSample001Tests\BeautifulWordSample001Tests.csproj", "{4AF0AC99-AB9E-4549-947D-8E8A193A52B1}"
EndProject
Global
	GlobalSection(SolutionConfigurationPlatforms) = preSolution
		Debug|Any CPU = Debug|Any CPU
		Release|Any CPU = Release|Any CPU
	EndGlobalSection
	GlobalSection(ProjectConfigurationPlatforms) = postSolution
		{6BDC1AB2-05B6-4AC4-9925-D36EA965126E}.Debug|Any CPU.ActiveCfg = Debug|Any CPU
		{6BDC1AB2-05B6-4AC4-9925-D36EA965126E}.Debug|Any CPU.Build.0 = Debug|Any CPU
		{6BDC1AB2-05B6-4AC4-9925-D36EA965126E}.Release|Any CPU.ActiveCfg = Release|Any CPU
		{6BDC1AB2-05B6-4AC4-9925-D36EA965126E}.Release|Any CPU.Build.0 = Release|Any CPU
		{4AF0AC99-AB9E-4549-947D-8E8A193A52B1}.Debug|Any CPU.ActiveCfg = Debug|Any CPU
		{4AF0AC99-AB9E-4549-947D-8E8A193A52B1}.Debug|Any CPU.Build.0 = Debug|Any CPU
		{4AF0AC99-AB9E-4549-947D-8E8A193A52B1}.Release|Any CPU.ActiveCfg = Release|Any CPU
		{4AF0AC99-AB9E-4549-947D-8E8A193A52B1}.Release|Any CPU.Build.0 = Release|Any CPU
	EndGlobalSection
	GlobalSection(SolutionProperties) = preSolution
		HideSolutionNode = FALSE
	EndGlobalSection
	GlobalSection(NestedProjects) = preSolution
		{6BDC1AB2-05B6-4AC4-9925-D36EA965126E} = {5BE72E15-879B-491D-8E1E-8B1FCE04ADE9}
	EndGlobalSection
	GlobalSection(ExtensibilityGlobals) = postSolution
		SolutionGuid = {F5900AE9-E5DB-4230-AD3D-5C93D1A821AD}
	EndGlobalSection
EndGlobal
